// !$*UTF8*$!
{
	archiveVersion = 1;
	classes = {
	};
	objectVersion = 50;
	objects = {

/* Begin PBXBuildFile section */
		81CFEDF3227FECC600A27A64 /* AppDelegate.swift in Sources */ = {isa = PBXBuildFile; fileRef = 81CFEDF2227FECC600A27A64 /* AppDelegate.swift */; };
		81CFEDF8227FECC600A27A64 /* Main.storyboard in Resources */ = {isa = PBXBuildFile; fileRef = 81CFEDF6227FECC600A27A64 /* Main.storyboard */; };
		81CFEDFA227FECC700A27A64 /* Assets.xcassets in Resources */ = {isa = PBXBuildFile; fileRef = 81CFEDF9227FECC700A27A64 /* Assets.xcassets */; };
		81CFEDFD227FECC700A27A64 /* LaunchScreen.storyboard in Resources */ = {isa = PBXBuildFile; fileRef = 81CFEDFB227FECC700A27A64 /* LaunchScreen.storyboard */; };
		81CFEE08227FECC800A27A64 /* EnigmaTests.swift in Sources */ = {isa = PBXBuildFile; fileRef = 81CFEE07227FECC800A27A64 /* EnigmaTests.swift */; };
		81CFEE13227FECC800A27A64 /* EnigmaUITests.swift in Sources */ = {isa = PBXBuildFile; fileRef = 81CFEE12227FECC800A27A64 /* EnigmaUITests.swift */; };
/* End PBXBuildFile section */

/* Begin PBXContainerItemProxy section */
		81CFEE04227FECC800A27A64 /* PBXContainerItemProxy */ = {
			isa = PBXContainerItemProxy;
			containerPortal = 81CFEDE7227FECC500A27A64 /* Project object */;
			proxyType = 1;
			remoteGlobalIDString = 81CFEDEE227FECC600A27A64;
			remoteInfo = Enigma;
		};
		81CFEE0F227FECC800A27A64 /* PBXContainerItemProxy */ = {
			isa = PBXContainerItemProxy;
			containerPortal = 81CFEDE7227FECC500A27A64 /* Project object */;
			proxyType = 1;
			remoteGlobalIDString = 81CFEDEE227FECC600A27A64;
			remoteInfo = Enigma;
		};
/* End PBXContainerItemProxy section */

/* Begin PBXFileReference section */
		81CFEDEF227FECC600A27A64 /* Enigma.app */ = {isa = PBXFileReference; explicitFileType = wrapper.application; includeInIndex = 0; path = Enigma.app; sourceTree = BUILT_PRODUCTS_DIR; };
		81CFEDF2227FECC600A27A64 /* AppDelegate.swift */ = {isa = PBXFileReference; lastKnownFileType = sourcecode.swift; path = AppDelegate.swift; sourceTree = "<group>"; };
		81CFEDF7227FECC600A27A64 /* Base */ = {isa = PBXFileReference; lastKnownFileType = file.storyboard; name = Base; path = Base.lproj/Main.storyboard; sourceTree = "<group>"; };
		81CFEDF9227FECC700A27A64 /* Assets.xcassets */ = {isa = PBXFileReference; lastKnownFileType = folder.assetcatalog; path = Assets.xcassets; sourceTree = "<group>"; };
		81CFEDFC227FECC700A27A64 /* Base */ = {isa = PBXFileReference; lastKnownFileType = file.storyboard; name = Base; path = Base.lproj/LaunchScreen.storyboard; sourceTree = "<group>"; };
		81CFEDFE227FECC700A27A64 /* Info.plist */ = {isa = PBXFileReference; lastKnownFileType = text.plist.xml; path = Info.plist; sourceTree = "<group>"; };
		81CFEE03227FECC800A27A64 /* EnigmaTests.xctest */ = {isa = PBXFileReference; explicitFileType = wrapper.cfbundle; includeInIndex = 0; path = EnigmaTests.xctest; sourceTree = BUILT_PRODUCTS_DIR; };
		81CFEE07227FECC800A27A64 /* EnigmaTests.swift */ = {isa = PBXFileReference; lastKnownFileType = sourcecode.swift; path = EnigmaTests.swift; sourceTree = "<group>"; };
		81CFEE09227FECC800A27A64 /* Info.plist */ = {isa = PBXFileReference; lastKnownFileType = text.plist.xml; path = Info.plist; sourceTree = "<group>"; };
		81CFEE0E227FECC800A27A64 /* EnigmaUITests.xctest */ = {isa = PBXFileReference; explicitFileType = wrapper.cfbundle; includeInIndex = 0; path = EnigmaUITests.xctest; sourceTree = BUILT_PRODUCTS_DIR; };
		81CFEE12227FECC800A27A64 /* EnigmaUITests.swift */ = {isa = PBXFileReference; lastKnownFileType = sourcecode.swift; path = EnigmaUITests.swift; sourceTree = "<group>"; };
		81CFEE14227FECC800A27A64 /* Info.plist */ = {isa = PBXFileReference; lastKnownFileType = text.plist.xml; path = Info.plist; sourceTree = "<group>"; };
/* End PBXFileReference section */

/* Begin PBXFrameworksBuildPhase section */
		81CFEDEC227FECC600A27A64 /* Frameworks */ = {
			isa = PBXFrameworksBuildPhase;
			buildActionMask = 2147483647;
			files = (
			);
			runOnlyForDeploymentPostprocessing = 0;
		};
		81CFEE00227FECC800A27A64 /* Frameworks */ = {
			isa = PBXFrameworksBuildPhase;
			buildActionMask = 2147483647;
			files = (
			);
			runOnlyForDeploymentPostprocessing = 0;
		};
		81CFEE0B227FECC800A27A64 /* Frameworks */ = {
			isa = PBXFrameworksBuildPhase;
			buildActionMask = 2147483647;
			files = (
			);
			runOnlyForDeploymentPostprocessing = 0;
		};
/* End PBXFrameworksBuildPhase section */

/* Begin PBXGroup section */
		81CFEDE6227FECC500A27A64 = {
			isa = PBXGroup;
			children = (
				81CFEDF1227FECC600A27A64 /* Enigma */,
				81CFEE06227FECC800A27A64 /* EnigmaTests */,
				81CFEE11227FECC800A27A64 /* EnigmaUITests */,
				81CFEDF0227FECC600A27A64 /* Products */,
			);
			sourceTree = "<group>";
		};
		81CFEDF0227FECC600A27A64 /* Products */ = {
			isa = PBXGroup;
			children = (
				81CFEDEF227FECC600A27A64 /* Enigma.app */,
				81CFEE03227FECC800A27A64 /* EnigmaTests.xctest */,
				81CFEE0E227FECC800A27A64 /* EnigmaUITests.xctest */,
			);
			name = Products;
			sourceTree = "<group>";
		};
		81CFEDF1227FECC600A27A64 /* Enigma */ = {
			isa = PBXGroup;
			children = (
				81CFEDF2227FECC600A27A64 /* AppDelegate.swift */,
				81CFEDF6227FECC600A27A64 /* Main.storyboard */,
				81CFEDF9227FECC700A27A64 /* Assets.xcassets */,
				81CFEDFB227FECC700A27A64 /* LaunchScreen.storyboard */,
				81CFEDFE227FECC700A27A64 /* Info.plist */,
			);
			path = Enigma;
			sourceTree = "<group>";
		};
		81CFEE06227FECC800A27A64 /* EnigmaTests */ = {
			isa = PBXGroup;
			children = (
				81CFEE07227FECC800A27A64 /* EnigmaTests.swift */,
				81CFEE09227FECC800A27A64 /* Info.plist */,
			);
			path = EnigmaTests;
			sourceTree = "<group>";
		};
		81CFEE11227FECC800A27A64 /* EnigmaUITests */ = {
			isa = PBXGroup;
			children = (
				81CFEE12227FECC800A27A64 /* EnigmaUITests.swift */,
				81CFEE14227FECC800A27A64 /* Info.plist */,
			);
			path = EnigmaUITests;
			sourceTree = "<group>";
		};
/* End PBXGroup section */

/* Begin PBXNativeTarget section */
		81CFEDEE227FECC600A27A64 /* Enigma */ = {
			isa = PBXNativeTarget;
			buildConfigurationList = 81CFEE17227FECC800A27A64 /* Build configuration list for PBXNativeTarget "Enigma" */;
			buildPhases = (
				81CFEDEB227FECC600A27A64 /* Sources */,
				81CFEDEC227FECC600A27A64 /* Frameworks */,
				81CFEDED227FECC600A27A64 /* Resources */,
			);
			buildRules = (
			);
			dependencies = (
			);
			name = Enigma;
			productName = Enigma;
			productReference = 81CFEDEF227FECC600A27A64 /* Enigma.app */;
			productType = "com.apple.product-type.application";
		};
		81CFEE02227FECC800A27A64 /* EnigmaTests */ = {
			isa = PBXNativeTarget;
			buildConfigurationList = 81CFEE1A227FECC800A27A64 /* Build configuration list for PBXNativeTarget "EnigmaTests" */;
			buildPhases = (
				81CFEDFF227FECC800A27A64 /* Sources */,
				81CFEE00227FECC800A27A64 /* Frameworks */,
				81CFEE01227FECC800A27A64 /* Resources */,
			);
			buildRules = (
			);
			dependencies = (
				81CFEE05227FECC800A27A64 /* PBXTargetDependency */,
			);
			name = EnigmaTests;
			productName = EnigmaTests;
			productReference = 81CFEE03227FECC800A27A64 /* EnigmaTests.xctest */;
			productType = "com.apple.product-type.bundle.unit-test";
		};
		81CFEE0D227FECC800A27A64 /* EnigmaUITests */ = {
			isa = PBXNativeTarget;
			buildConfigurationList = 81CFEE1D227FECC800A27A64 /* Build configuration list for PBXNativeTarget "EnigmaUITests" */;
			buildPhases = (
				81CFEE0A227FECC800A27A64 /* Sources */,
				81CFEE0B227FECC800A27A64 /* Frameworks */,
				81CFEE0C227FECC800A27A64 /* Resources */,
			);
			buildRules = (
			);
			dependencies = (
				81CFEE10227FECC800A27A64 /* PBXTargetDependency */,
			);
			name = EnigmaUITests;
			productName = EnigmaUITests;
			productReference = 81CFEE0E227FECC800A27A64 /* EnigmaUITests.xctest */;
			productType = "com.apple.product-type.bundle.ui-testing";
		};
/* End PBXNativeTarget section */

/* Begin PBXProject section */
		81CFEDE7227FECC500A27A64 /* Project object */ = {
			isa = PBXProject;
			attributes = {
				LastSwiftUpdateCheck = 1020;
				LastUpgradeCheck = 1020;
				ORGANIZATIONNAME = ItsOnlyCole;
				TargetAttributes = {
					81CFEDEE227FECC600A27A64 = {
						CreatedOnToolsVersion = 10.2.1;
					};
					81CFEE02227FECC800A27A64 = {
						CreatedOnToolsVersion = 10.2.1;
						TestTargetID = 81CFEDEE227FECC600A27A64;
					};
					81CFEE0D227FECC800A27A64 = {
						CreatedOnToolsVersion = 10.2.1;
						TestTargetID = 81CFEDEE227FECC600A27A64;
					};
				};
			};
			buildConfigurationList = 81CFEDEA227FECC500A27A64 /* Build configuration list for PBXProject "Enigma" */;
			compatibilityVersion = "Xcode 9.3";
			developmentRegion = en;
			hasScannedForEncodings = 0;
			knownRegions = (
				en,
				Base,
			);
			mainGroup = 81CFEDE6227FECC500A27A64;
			productRefGroup = 81CFEDF0227FECC600A27A64 /* Products */;
			projectDirPath = "";
			projectRoot = "";
			targets = (
				81CFEDEE227FECC600A27A64 /* Enigma */,
				81CFEE02227FECC800A27A64 /* EnigmaTests */,
				81CFEE0D227FECC800A27A64 /* EnigmaUITests */,
			);
		};
/* End PBXProject section */

/* Begin PBXResourcesBuildPhase section */
		81CFEDED227FECC600A27A64 /* Resources */ = {
			isa = PBXResourcesBuildPhase;
			buildActionMask = 2147483647;
			files = (
				81CFEDFD227FECC700A27A64 /* LaunchScreen.storyboard in Resources */,
				81CFEDFA227FECC700A27A64 /* Assets.xcassets in Resources */,
				81CFEDF8227FECC600A27A64 /* Main.storyboard in Resources */,
			);
			runOnlyForDeploymentPostprocessing = 0;
		};
		81CFEE01227FECC800A27A64 /* Resources */ = {
			isa = PBXResourcesBuildPhase;
			buildActionMask = 2147483647;
			files = (
			);
			runOnlyForDeploymentPostprocessing = 0;
		};
		81CFEE0C227FECC800A27A64 /* Resources */ = {
			isa = PBXResourcesBuildPhase;
			buildActionMask = 2147483647;
			files = (
			);
			runOnlyForDeploymentPostprocessing = 0;
		};
/* End PBXResourcesBuildPhase section */

/* Begin PBXSourcesBuildPhase section */
		81CFEDEB227FECC600A27A64 /* Sources */ = {
			isa = PBXSourcesBuildPhase;
			buildActionMask = 2147483647;
			files = (
				81CFEDF3227FECC600A27A64 /* AppDelegate.swift in Sources */,
			);
			runOnlyForDeploymentPostprocessing = 0;
		};
		81CFEDFF227FECC800A27A64 /* Sources */ = {
			isa = PBXSourcesBuildPhase;
			buildActionMask = 2147483647;
			files = (
				81CFEE08227FECC800A27A64 /* EnigmaTests.swift in Sources */,
			);
			runOnlyForDeploymentPostprocessing = 0;
		};
		81CFEE0A227FECC800A27A64 /* Sources */ = {
			isa = PBXSourcesBuildPhase;
			buildActionMask = 2147483647;
			files = (
				81CFEE13227FECC800A27A64 /* EnigmaUITests.swift in Sources */,
			);
			runOnlyForDeploymentPostprocessing = 0;
		};
/* End PBXSourcesBuildPhase section */

/* Begin PBXTargetDependency section */
		81CFEE05227FECC800A27A64 /* PBXTargetDependency */ = {
			isa = PBXTargetDependency;
			target = 81CFEDEE227FECC600A27A64 /* Enigma */;
			targetProxy = 81CFEE04227FECC800A27A64 /* PBXContainerItemProxy */;
		};
		81CFEE10227FECC800A27A64 /* PBXTargetDependency */ = {
			isa = PBXTargetDependency;
			target = 81CFEDEE227FECC600A27A64 /* Enigma */;
			targetProxy = 81CFEE0F227FECC800A27A64 /* PBXContainerItemProxy */;
		};
/* End PBXTargetDependency section */

/* Begin PBXVariantGroup section */
		81CFEDF6227FECC600A27A64 /* Main.storyboard */ = {
			isa = PBXVariantGroup;
			children = (
				81CFEDF7227FECC600A27A64 /* Base */,
			);
			name = Main.storyboard;
			sourceTree = "<group>";
		};
		81CFEDFB227FECC700A27A64 /* LaunchScreen.storyboard */ = {
			isa = PBXVariantGroup;
			children = (
				81CFEDFC227FECC700A27A64 /* Base */,
			);
			name = LaunchScreen.storyboard;
			sourceTree = "<group>";
		};
/* End PBXVariantGroup section */

/* Begin XCBuildConfiguration section */
		81CFEE15227FECC800A27A64 /* Debug */ = {
			isa = XCBuildConfiguration;
			buildSettings = {
				ALWAYS_SEARCH_USER_PATHS = NO;
				CLANG_ANALYZER_NONNULL = YES;
				CLANG_ANALYZER_NUMBER_OBJECT_CONVERSION = YES_AGGRESSIVE;
				CLANG_CXX_LANGUAGE_STANDARD = "gnu++14";
				CLANG_CXX_LIBRARY = "libc++";
				CLANG_ENABLE_MODULES = YES;
				CLANG_ENABLE_OBJC_ARC = YES;
				CLANG_ENABLE_OBJC_WEAK = YES;
				CLANG_WARN_BLOCK_CAPTURE_AUTORELEASING = YES;
				CLANG_WARN_BOOL_CONVERSION = YES;
				CLANG_WARN_COMMA = YES;
				CLANG_WARN_CONSTANT_CONVERSION = YES;
				CLANG_WARN_DEPRECATED_OBJC_IMPLEMENTATIONS = YES;
				CLANG_WARN_DIRECT_OBJC_ISA_USAGE = YES_ERROR;
				CLANG_WARN_DOCUMENTATION_COMMENTS = YES;
				CLANG_WARN_EMPTY_BODY = YES;
				CLANG_WARN_ENUM_CONVERSION = YES;
				CLANG_WARN_INFINITE_RECURSION = YES;
				CLANG_WARN_INT_CONVERSION = YES;
				CLANG_WARN_NON_LITERAL_NULL_CONVERSION = YES;
				CLANG_WARN_OBJC_IMPLICIT_RETAIN_SELF = YES;
				CLANG_WARN_OBJC_LITERAL_CONVERSION = YES;
				CLANG_WARN_OBJC_ROOT_CLASS = YES_ERROR;
				CLANG_WARN_RANGE_LOOP_ANALYSIS = YES;
				CLANG_WARN_STRICT_PROTOTYPES = YES;
				CLANG_WARN_SUSPICIOUS_MOVE = YES;
				CLANG_WARN_UNGUARDED_AVAILABILITY = YES_AGGRESSIVE;
				CLANG_WARN_UNREACHABLE_CODE = YES;
				CLANG_WARN__DUPLICATE_METHOD_MATCH = YES;
				CODE_SIGN_IDENTITY = "iPhone Developer";
				COPY_PHASE_STRIP = NO;
				DEBUG_INFORMATION_FORMAT = dwarf;
				ENABLE_STRICT_OBJC_MSGSEND = YES;
				ENABLE_TESTABILITY = YES;
				GCC_C_LANGUAGE_STANDARD = gnu11;
				GCC_DYNAMIC_NO_PIC = NO;
				GCC_NO_COMMON_BLOCKS = YES;
				GCC_OPTIMIZATION_LEVEL = 0;
				GCC_PREPROCESSOR_DEFINITIONS = (
					"DEBUG=1",
					"$(inherited)",
				);
				GCC_WARN_64_TO_32_BIT_CONVERSION = YES;
				GCC_WARN_ABOUT_RETURN_TYPE = YES_ERROR;
				GCC_WARN_UNDECLARED_SELECTOR = YES;
				GCC_WARN_UNINITIALIZED_AUTOS = YES_AGGRESSIVE;
				GCC_WARN_UNUSED_FUNCTION = YES;
				GCC_WARN_UNUSED_VARIABLE = YES;
				IPHONEOS_DEPLOYMENT_TARGET = 12.2;
				MTL_ENABLE_DEBUG_INFO = INCLUDE_SOURCE;
				MTL_FAST_MATH = YES;
				ONLY_ACTIVE_ARCH = YES;
				SDKROOT = iphoneos;
				SWIFT_ACTIVE_COMPILATION_CONDITIONS = DEBUG;
				SWIFT_OPTIMIZATION_LEVEL = "-Onone";
			};
			name = Debug;
		};
		81CFEE16227FECC800A27A64 /* Release */ = {
			isa = XCBuildConfiguration;
			buildSettings = {
				ALWAYS_SEARCH_USER_PATHS = NO;
				CLANG_ANALYZER_NONNULL = YES;
				CLANG_ANALYZER_NUMBER_OBJECT_CONVERSION = YES_AGGRESSIVE;
				CLANG_CXX_LANGUAGE_STANDARD = "gnu++14";
				CLANG_CXX_LIBRARY = "libc++";
				CLANG_ENABLE_MODULES = YES;
				CLANG_ENABLE_OBJC_ARC = YES;
				CLANG_ENABLE_OBJC_WEAK = YES;
				CLANG_WARN_BLOCK_CAPTURE_AUTORELEASING = YES;
				CLANG_WARN_BOOL_CONVERSION = YES;
				CLANG_WARN_COMMA = YES;
				CLANG_WARN_CONSTANT_CONVERSION = YES;
				CLANG_WARN_DEPRECATED_OBJC_IMPLEMENTATIONS = YES;
				CLANG_WARN_DIRECT_OBJC_ISA_USAGE = YES_ERROR;
				CLANG_WARN_DOCUMENTATION_COMMENTS = YES;
				CLANG_WARN_EMPTY_BODY = YES;
				CLANG_WARN_ENUM_CONVERSION = YES;
				CLANG_WARN_INFINITE_RECURSION = YES;
				CLANG_WARN_INT_CONVERSION = YES;
				CLANG_WARN_NON_LITERAL_NULL_CONVERSION = YES;
				CLANG_WARN_OBJC_IMPLICIT_RETAIN_SELF = YES;
				CLANG_WARN_OBJC_LITERAL_CONVERSION = YES;
				CLANG_WARN_OBJC_ROOT_CLASS = YES_ERROR;
				CLANG_WARN_RANGE_LOOP_ANALYSIS = YES;
				CLANG_WARN_STRICT_PROTOTYPES = YES;
				CLANG_WARN_SUSPICIOUS_MOVE = YES;
				CLANG_WARN_UNGUARDED_AVAILABILITY = YES_AGGRESSIVE;
				CLANG_WARN_UNREACHABLE_CODE = YES;
				CLANG_WARN__DUPLICATE_METHOD_MATCH = YES;
				CODE_SIGN_IDENTITY = "iPhone Developer";
				COPY_PHASE_STRIP = NO;
				DEBUG_INFORMATION_FORMAT = "dwarf-with-dsym";
				ENABLE_NS_ASSERTIONS = NO;
				ENABLE_STRICT_OBJC_MSGSEND = YES;
				GCC_C_LANGUAGE_STANDARD = gnu11;
				GCC_NO_COMMON_BLOCKS = YES;
				GCC_WARN_64_TO_32_BIT_CONVERSION = YES;
				GCC_WARN_ABOUT_RETURN_TYPE = YES_ERROR;
				GCC_WARN_UNDECLARED_SELECTOR = YES;
				GCC_WARN_UNINITIALIZED_AUTOS = YES_AGGRESSIVE;
				GCC_WARN_UNUSED_FUNCTION = YES;
				GCC_WARN_UNUSED_VARIABLE = YES;
				IPHONEOS_DEPLOYMENT_TARGET = 12.2;
				MTL_ENABLE_DEBUG_INFO = NO;
				MTL_FAST_MATH = YES;
				SDKROOT = iphoneos;
				SWIFT_COMPILATION_MODE = wholemodule;
				SWIFT_OPTIMIZATION_LEVEL = "-O";
				VALIDATE_PRODUCT = YES;
			};
			name = Release;
		};
		81CFEE18227FECC800A27A64 /* Debug */ = {
			isa = XCBuildConfiguration;
			buildSettings = {
				ASSETCATALOG_COMPILER_APPICON_NAME = AppIcon;
				CODE_SIGN_STYLE = Automatic;
				DEVELOPMENT_TEAM = KM28JP4U6T;
				INFOPLIST_FILE = Enigma/Info.plist;
				LD_RUNPATH_SEARCH_PATHS = (
					"$(inherited)",
					"@executable_path/Frameworks",
				);
				PRODUCT_BUNDLE_IDENTIFIER = ItsOnlyCole.Enigma;
				PRODUCT_NAME = "$(TARGET_NAME)";
				SWIFT_VERSION = 5.0;
				TARGETED_DEVICE_FAMILY = "1,2";
			};
			name = Debug;
		};
		81CFEE19227FECC800A27A64 /* Release */ = {
			isa = XCBuildConfiguration;
			buildSettings = {
				ASSETCATALOG_COMPILER_APPICON_NAME = AppIcon;
				CODE_SIGN_STYLE = Automatic;
				DEVELOPMENT_TEAM = KM28JP4U6T;
				INFOPLIST_FILE = Enigma/Info.plist;
				LD_RUNPATH_SEARCH_PATHS = (
					"$(inherited)",
					"@executable_path/Frameworks",
				);
				PRODUCT_BUNDLE_IDENTIFIER = ItsOnlyCole.Enigma;
				PRODUCT_NAME = "$(TARGET_NAME)";
				SWIFT_VERSION = 5.0;
				TARGETED_DEVICE_FAMILY = "1,2";
			};
			name = Release;
		};
		81CFEE1B227FECC800A27A64 /* Debug */ = {
			isa = XCBuildConfiguration;
			buildSettings = {
				ALWAYS_EMBED_SWIFT_STANDARD_LIBRARIES = YES;
				BUNDLE_LOADER = "$(TEST_HOST)";
				CODE_SIGN_STYLE = Automatic;
				DEVELOPMENT_TEAM = KM28JP4U6T;
				INFOPLIST_FILE = EnigmaTests/Info.plist;
				LD_RUNPATH_SEARCH_PATHS = (
					"$(inherited)",
					"@executable_path/Frameworks",
					"@loader_path/Frameworks",
				);
				PRODUCT_BUNDLE_IDENTIFIER = ItsOnlyCole.EnigmaTests;
				PRODUCT_NAME = "$(TARGET_NAME)";
				SWIFT_VERSION = 5.0;
				TARGETED_DEVICE_FAMILY = "1,2";
				TEST_HOST = "$(BUILT_PRODUCTS_DIR)/Enigma.app/Enigma";
			};
			name = Debug;
		};
		81CFEE1C227FECC800A27A64 /* Release */ = {
			isa = XCBuildConfiguration;
			buildSettings = {
				ALWAYS_EMBED_SWIFT_STANDARD_LIBRARIES = YES;
				BUNDLE_LOADER = "$(TEST_HOST)";
				CODE_SIGN_STYLE = Automatic;
				DEVELOPMENT_TEAM = KM28JP4U6T;
				INFOPLIST_FILE = EnigmaTests/Info.plist;
				LD_RUNPATH_SEARCH_PATHS = (
					"$(inherited)",
					"@executable_path/Frameworks",
					"@loader_path/Frameworks",
				);
				PRODUCT_BUNDLE_IDENTIFIER = ItsOnlyCole.EnigmaTests;
				PRODUCT_NAME = "$(TARGET_NAME)";
				SWIFT_VERSION = 5.0;
				TARGETED_DEVICE_FAMILY = "1,2";
				TEST_HOST = "$(BUILT_PRODUCTS_DIR)/Enigma.app/Enigma";
			};
			name = Release;
		};
		81CFEE1E227FECC800A27A64 /* Debug */ = {
			isa = XCBuildConfiguration;
			buildSettings = {
				ALWAYS_EMBED_SWIFT_STANDARD_LIBRARIES = YES;
				CODE_SIGN_STYLE = Automatic;
				DEVELOPMENT_TEAM = KM28JP4U6T;
				INFOPLIST_FILE = EnigmaUITests/Info.plist;
				LD_RUNPATH_SEARCH_PATHS = (
					"$(inherited)",
					"@executable_path/Frameworks",
					"@loader_path/Frameworks",
				);
				PRODUCT_BUNDLE_IDENTIFIER = ItsOnlyCole.EnigmaUITests;
				PRODUCT_NAME = "$(TARGET_NAME)";
				SWIFT_VERSION = 5.0;
				TARGETED_DEVICE_FAMILY = "1,2";
				TEST_TARGET_NAME = Enigma;
			};
			name = Debug;
		};
		81CFEE1F227FECC800A27A64 /* Release */ = {
			isa = XCBuildConfiguration;
			buildSettings = {
				ALWAYS_EMBED_SWIFT_STANDARD_LIBRARIES = YES;
				CODE_SIGN_STYLE = Automatic;
				DEVELOPMENT_TEAM = KM28JP4U6T;
				INFOPLIST_FILE = EnigmaUITests/Info.plist;
				LD_RUNPATH_SEARCH_PATHS = (
					"$(inherited)",
					"@executable_path/Frameworks",
					"@loader_path/Frameworks",
				);
				PRODUCT_BUNDLE_IDENTIFIER = ItsOnlyCole.EnigmaUITests;
				PRODUCT_NAME = "$(TARGET_NAME)";
				SWIFT_VERSION = 5.0;
				TARGETED_DEVICE_FAMILY = "1,2";
				TEST_TARGET_NAME = Enigma;
			};
			name = Release;
		};
/* End XCBuildConfiguration section */

/* Begin XCConfigurationList section */
		81CFEDEA227FECC500A27A64 /* Build configuration list for PBXProject "Enigma" */ = {
			isa = XCConfigurationList;
			buildConfigurations = (
				81CFEE15227FECC800A27A64 /* Debug */,
				81CFEE16227FECC800A27A64 /* Release */,
			);
			defaultConfigurationIsVisible = 0;
			defaultConfigurationName = Release;
		};
		81CFEE17227FECC800A27A64 /* Build configuration list for PBXNativeTarget "Enigma" */ = {
			isa = XCConfigurationList;
			buildConfigurations = (
				81CFEE18227FECC800A27A64 /* Debug */,
				81CFEE19227FECC800A27A64 /* Release */,
			);
			defaultConfigurationIsVisible = 0;
			defaultConfigurationName = Release;
		};
		81CFEE1A227FECC800A27A64 /* Build configuration list for PBXNativeTarget "EnigmaTests" */ = {
			isa = XCConfigurationList;
			buildConfigurations = (
				81CFEE1B227FECC800A27A64 /* Debug */,
				81CFEE1C227FECC800A27A64 /* Release */,
			);
			defaultConfigurationIsVisible = 0;
			defaultConfigurationName = Release;
		};
		81CFEE1D227FECC800A27A64 /* Build configuration list for PBXNativeTarget "EnigmaUITests" */ = {
			isa = XCConfigurationList;
			buildConfigurations = (
				81CFEE1E227FECC800A27A64 /* Debug */,
				81CFEE1F227FECC800A27A64 /* Release */,
			);
			defaultConfigurationIsVisible = 0;
			defaultConfigurationName = Release;
		};
/* End XCConfigurationList section */
	};
	rootObject = 81CFEDE7227FECC500A27A64 /* Project object */;
}
