// !$*UTF8*$!
{
	archiveVersion = 1;
	classes = {
	};
	objectVersion = 50;
	objects = {

/* Begin PBXBuildFile section */
		81CFEDAD227FC78700A27A64 /* AppDelegate.swift in Sources */ = {isa = PBXBuildFile; fileRef = 81CFEDAC227FC78700A27A64 /* AppDelegate.swift */; };
		81CFEDB2227FC78700A27A64 /* Main.storyboard in Resources */ = {isa = PBXBuildFile; fileRef = 81CFEDB0227FC78700A27A64 /* Main.storyboard */; };
		81CFEDB4227FC78800A27A64 /* Assets.xcassets in Resources */ = {isa = PBXBuildFile; fileRef = 81CFEDB3227FC78800A27A64 /* Assets.xcassets */; };
		81CFEDB7227FC78800A27A64 /* LaunchScreen.storyboard in Resources */ = {isa = PBXBuildFile; fileRef = 81CFEDB5227FC78800A27A64 /* LaunchScreen.storyboard */; };
		81CFEDC2227FC78800A27A64 /* testMultiViewTests.swift in Sources */ = {isa = PBXBuildFile; fileRef = 81CFEDC1227FC78800A27A64 /* testMultiViewTests.swift */; };
		81CFEDCD227FC78800A27A64 /* testMultiViewUITests.swift in Sources */ = {isa = PBXBuildFile; fileRef = 81CFEDCC227FC78800A27A64 /* testMultiViewUITests.swift */; };
		81CFEDDF227FCCF600A27A64 /* ItemTwoViewController.swift in Sources */ = {isa = PBXBuildFile; fileRef = 81CFEDDE227FCCF600A27A64 /* ItemTwoViewController.swift */; };
		81CFEDE1227FCD2700A27A64 /* ItemOneViewController.swift in Sources */ = {isa = PBXBuildFile; fileRef = 81CFEDE0227FCD2700A27A64 /* ItemOneViewController.swift */; };
		81CFEDE3227FCDD800A27A64 /* Counter.swift in Sources */ = {isa = PBXBuildFile; fileRef = 81CFEDE2227FCDD800A27A64 /* Counter.swift */; };
/* End PBXBuildFile section */

/* Begin PBXContainerItemProxy section */
		81CFEDBE227FC78800A27A64 /* PBXContainerItemProxy */ = {
			isa = PBXContainerItemProxy;
			containerPortal = 81CFEDA1227FC78600A27A64 /* Project object */;
			proxyType = 1;
			remoteGlobalIDString = 81CFEDA8227FC78700A27A64;
			remoteInfo = testMultiView;
		};
		81CFEDC9227FC78800A27A64 /* PBXContainerItemProxy */ = {
			isa = PBXContainerItemProxy;
			containerPortal = 81CFEDA1227FC78600A27A64 /* Project object */;
			proxyType = 1;
			remoteGlobalIDString = 81CFEDA8227FC78700A27A64;
			remoteInfo = testMultiView;
		};
/* End PBXContainerItemProxy section */

/* Begin PBXFileReference section */
		81CFEDA9227FC78700A27A64 /* testMultiView.app */ = {isa = PBXFileReference; explicitFileType = wrapper.application; includeInIndex = 0; path = testMultiView.app; sourceTree = BUILT_PRODUCTS_DIR; };
		81CFEDAC227FC78700A27A64 /* AppDelegate.swift */ = {isa = PBXFileReference; lastKnownFileType = sourcecode.swift; path = AppDelegate.swift; sourceTree = "<group>"; };
		81CFEDB1227FC78700A27A64 /* Base */ = {isa = PBXFileReference; lastKnownFileType = file.storyboard; name = Base; path = Base.lproj/Main.storyboard; sourceTree = "<group>"; };
		81CFEDB3227FC78800A27A64 /* Assets.xcassets */ = {isa = PBXFileReference; lastKnownFileType = folder.assetcatalog; path = Assets.xcassets; sourceTree = "<group>"; };
		81CFEDB6227FC78800A27A64 /* Base */ = {isa = PBXFileReference; lastKnownFileType = file.storyboard; name = Base; path = Base.lproj/LaunchScreen.storyboard; sourceTree = "<group>"; };
		81CFEDB8227FC78800A27A64 /* Info.plist */ = {isa = PBXFileReference; lastKnownFileType = text.plist.xml; path = Info.plist; sourceTree = "<group>"; };
		81CFEDBD227FC78800A27A64 /* testMultiViewTests.xctest */ = {isa = PBXFileReference; explicitFileType = wrapper.cfbundle; includeInIndex = 0; path = testMultiViewTests.xctest; sourceTree = BUILT_PRODUCTS_DIR; };
		81CFEDC1227FC78800A27A64 /* testMultiViewTests.swift */ = {isa = PBXFileReference; lastKnownFileType = sourcecode.swift; path = testMultiViewTests.swift; sourceTree = "<group>"; };
		81CFEDC3227FC78800A27A64 /* Info.plist */ = {isa = PBXFileReference; lastKnownFileType = text.plist.xml; path = Info.plist; sourceTree = "<group>"; };
		81CFEDC8227FC78800A27A64 /* testMultiViewUITests.xctest */ = {isa = PBXFileReference; explicitFileType = wrapper.cfbundle; includeInIndex = 0; path = testMultiViewUITests.xctest; sourceTree = BUILT_PRODUCTS_DIR; };
		81CFEDCC227FC78800A27A64 /* testMultiViewUITests.swift */ = {isa = PBXFileReference; lastKnownFileType = sourcecode.swift; path = testMultiViewUITests.swift; sourceTree = "<group>"; };
		81CFEDCE227FC78800A27A64 /* Info.plist */ = {isa = PBXFileReference; lastKnownFileType = text.plist.xml; path = Info.plist; sourceTree = "<group>"; };
		81CFEDDE227FCCF600A27A64 /* ItemTwoViewController.swift */ = {isa = PBXFileReference; lastKnownFileType = sourcecode.swift; path = ItemTwoViewController.swift; sourceTree = "<group>"; };
		81CFEDE0227FCD2700A27A64 /* ItemOneViewController.swift */ = {isa = PBXFileReference; lastKnownFileType = sourcecode.swift; path = ItemOneViewController.swift; sourceTree = "<group>"; };
		81CFEDE2227FCDD800A27A64 /* Counter.swift */ = {isa = PBXFileReference; lastKnownFileType = sourcecode.swift; path = Counter.swift; sourceTree = "<group>"; };
/* End PBXFileReference section */

/* Begin PBXFrameworksBuildPhase section */
		81CFEDA6227FC78700A27A64 /* Frameworks */ = {
			isa = PBXFrameworksBuildPhase;
			buildActionMask = 2147483647;
			files = (
			);
			runOnlyForDeploymentPostprocessing = 0;
		};
		81CFEDBA227FC78800A27A64 /* Frameworks */ = {
			isa = PBXFrameworksBuildPhase;
			buildActionMask = 2147483647;
			files = (
			);
			runOnlyForDeploymentPostprocessing = 0;
		};
		81CFEDC5227FC78800A27A64 /* Frameworks */ = {
			isa = PBXFrameworksBuildPhase;
			buildActionMask = 2147483647;
			files = (
			);
			runOnlyForDeploymentPostprocessing = 0;
		};
/* End PBXFrameworksBuildPhase section */

/* Begin PBXGroup section */
		81CFEDA0227FC78600A27A64 = {
			isa = PBXGroup;
			children = (
				81CFEDAB227FC78700A27A64 /* testMultiView */,
				81CFEDC0227FC78800A27A64 /* testMultiViewTests */,
				81CFEDCB227FC78800A27A64 /* testMultiViewUITests */,
				81CFEDAA227FC78700A27A64 /* Products */,
			);
			sourceTree = "<group>";
		};
		81CFEDAA227FC78700A27A64 /* Products */ = {
			isa = PBXGroup;
			children = (
				81CFEDA9227FC78700A27A64 /* testMultiView.app */,
				81CFEDBD227FC78800A27A64 /* testMultiViewTests.xctest */,
				81CFEDC8227FC78800A27A64 /* testMultiViewUITests.xctest */,
			);
			name = Products;
			sourceTree = "<group>";
		};
		81CFEDAB227FC78700A27A64 /* testMultiView */ = {
			isa = PBXGroup;
			children = (
				81CFEDAC227FC78700A27A64 /* AppDelegate.swift */,
				81CFEDB0227FC78700A27A64 /* Main.storyboard */,
				81CFEDE2227FCDD800A27A64 /* Counter.swift */,
				81CFEDE0227FCD2700A27A64 /* ItemOneViewController.swift */,
				81CFEDDE227FCCF600A27A64 /* ItemTwoViewController.swift */,
				81CFEDB3227FC78800A27A64 /* Assets.xcassets */,
				81CFEDB5227FC78800A27A64 /* LaunchScreen.storyboard */,
				81CFEDB8227FC78800A27A64 /* Info.plist */,
			);
			path = testMultiView;
			sourceTree = "<group>";
		};
		81CFEDC0227FC78800A27A64 /* testMultiViewTests */ = {
			isa = PBXGroup;
			children = (
				81CFEDC1227FC78800A27A64 /* testMultiViewTests.swift */,
				81CFEDC3227FC78800A27A64 /* Info.plist */,
			);
			path = testMultiViewTests;
			sourceTree = "<group>";
		};
		81CFEDCB227FC78800A27A64 /* testMultiViewUITests */ = {
			isa = PBXGroup;
			children = (
				81CFEDCC227FC78800A27A64 /* testMultiViewUITests.swift */,
				81CFEDCE227FC78800A27A64 /* Info.plist */,
			);
			path = testMultiViewUITests;
			sourceTree = "<group>";
		};
/* End PBXGroup section */

/* Begin PBXNativeTarget section */
		81CFEDA8227FC78700A27A64 /* testMultiView */ = {
			isa = PBXNativeTarget;
			buildConfigurationList = 81CFEDD1227FC78800A27A64 /* Build configuration list for PBXNativeTarget "testMultiView" */;
			buildPhases = (
				81CFEDA5227FC78700A27A64 /* Sources */,
				81CFEDA6227FC78700A27A64 /* Frameworks */,
				81CFEDA7227FC78700A27A64 /* Resources */,
			);
			buildRules = (
			);
			dependencies = (
			);
			name = testMultiView;
			productName = testMultiView;
			productReference = 81CFEDA9227FC78700A27A64 /* testMultiView.app */;
			productType = "com.apple.product-type.application";
		};
		81CFEDBC227FC78800A27A64 /* testMultiViewTests */ = {
			isa = PBXNativeTarget;
			buildConfigurationList = 81CFEDD4227FC78800A27A64 /* Build configuration list for PBXNativeTarget "testMultiViewTests" */;
			buildPhases = (
				81CFEDB9227FC78800A27A64 /* Sources */,
				81CFEDBA227FC78800A27A64 /* Frameworks */,
				81CFEDBB227FC78800A27A64 /* Resources */,
			);
			buildRules = (
			);
			dependencies = (
				81CFEDBF227FC78800A27A64 /* PBXTargetDependency */,
			);
			name = testMultiViewTests;
			productName = testMultiViewTests;
			productReference = 81CFEDBD227FC78800A27A64 /* testMultiViewTests.xctest */;
			productType = "com.apple.product-type.bundle.unit-test";
		};
		81CFEDC7227FC78800A27A64 /* testMultiViewUITests */ = {
			isa = PBXNativeTarget;
			buildConfigurationList = 81CFEDD7227FC78800A27A64 /* Build configuration list for PBXNativeTarget "testMultiViewUITests" */;
			buildPhases = (
				81CFEDC4227FC78800A27A64 /* Sources */,
				81CFEDC5227FC78800A27A64 /* Frameworks */,
				81CFEDC6227FC78800A27A64 /* Resources */,
			);
			buildRules = (
			);
			dependencies = (
				81CFEDCA227FC78800A27A64 /* PBXTargetDependency */,
			);
			name = testMultiViewUITests;
			productName = testMultiViewUITests;
			productReference = 81CFEDC8227FC78800A27A64 /* testMultiViewUITests.xctest */;
			productType = "com.apple.product-type.bundle.ui-testing";
		};
/* End PBXNativeTarget section */

/* Begin PBXProject section */
		81CFEDA1227FC78600A27A64 /* Project object */ = {
			isa = PBXProject;
			attributes = {
				LastSwiftUpdateCheck = 1020;
				LastUpgradeCheck = 1020;
				ORGANIZATIONNAME = ItsOnlyCole;
				TargetAttributes = {
					81CFEDA8227FC78700A27A64 = {
						CreatedOnToolsVersion = 10.2.1;
					};
					81CFEDBC227FC78800A27A64 = {
						CreatedOnToolsVersion = 10.2.1;
						TestTargetID = 81CFEDA8227FC78700A27A64;
					};
					81CFEDC7227FC78800A27A64 = {
						CreatedOnToolsVersion = 10.2.1;
						TestTargetID = 81CFEDA8227FC78700A27A64;
					};
				};
			};
			buildConfigurationList = 81CFEDA4227FC78600A27A64 /* Build configuration list for PBXProject "testMultiView" */;
			compatibilityVersion = "Xcode 9.3";
			developmentRegion = en;
			hasScannedForEncodings = 0;
			knownRegions = (
				en,
				Base,
			);
			mainGroup = 81CFEDA0227FC78600A27A64;
			productRefGroup = 81CFEDAA227FC78700A27A64 /* Products */;
			projectDirPath = "";
			projectRoot = "";
			targets = (
				81CFEDA8227FC78700A27A64 /* testMultiView */,
				81CFEDBC227FC78800A27A64 /* testMultiViewTests */,
				81CFEDC7227FC78800A27A64 /* testMultiViewUITests */,
			);
		};
/* End PBXProject section */

/* Begin PBXResourcesBuildPhase section */
		81CFEDA7227FC78700A27A64 /* Resources */ = {
			isa = PBXResourcesBuildPhase;
			buildActionMask = 2147483647;
			files = (
				81CFEDB7227FC78800A27A64 /* LaunchScreen.storyboard in Resources */,
				81CFEDB4227FC78800A27A64 /* Assets.xcassets in Resources */,
				81CFEDB2227FC78700A27A64 /* Main.storyboard in Resources */,
			);
			runOnlyForDeploymentPostprocessing = 0;
		};
		81CFEDBB227FC78800A27A64 /* Resources */ = {
			isa = PBXResourcesBuildPhase;
			buildActionMask = 2147483647;
			files = (
			);
			runOnlyForDeploymentPostprocessing = 0;
		};
		81CFEDC6227FC78800A27A64 /* Resources */ = {
			isa = PBXResourcesBuildPhase;
			buildActionMask = 2147483647;
			files = (
			);
			runOnlyForDeploymentPostprocessing = 0;
		};
/* End PBXResourcesBuildPhase section */

/* Begin PBXSourcesBuildPhase section */
		81CFEDA5227FC78700A27A64 /* Sources */ = {
			isa = PBXSourcesBuildPhase;
			buildActionMask = 2147483647;
			files = (
				81CFEDE3227FCDD800A27A64 /* Counter.swift in Sources */,
				81CFEDE1227FCD2700A27A64 /* ItemOneViewController.swift in Sources */,
				81CFEDAD227FC78700A27A64 /* AppDelegate.swift in Sources */,
				81CFEDDF227FCCF600A27A64 /* ItemTwoViewController.swift in Sources */,
			);
			runOnlyForDeploymentPostprocessing = 0;
		};
		81CFEDB9227FC78800A27A64 /* Sources */ = {
			isa = PBXSourcesBuildPhase;
			buildActionMask = 2147483647;
			files = (
				81CFEDC2227FC78800A27A64 /* testMultiViewTests.swift in Sources */,
			);
			runOnlyForDeploymentPostprocessing = 0;
		};
		81CFEDC4227FC78800A27A64 /* Sources */ = {
			isa = PBXSourcesBuildPhase;
			buildActionMask = 2147483647;
			files = (
				81CFEDCD227FC78800A27A64 /* testMultiViewUITests.swift in Sources */,
			);
			runOnlyForDeploymentPostprocessing = 0;
		};
/* End PBXSourcesBuildPhase section */

/* Begin PBXTargetDependency section */
		81CFEDBF227FC78800A27A64 /* PBXTargetDependency */ = {
			isa = PBXTargetDependency;
			target = 81CFEDA8227FC78700A27A64 /* testMultiView */;
			targetProxy = 81CFEDBE227FC78800A27A64 /* PBXContainerItemProxy */;
		};
		81CFEDCA227FC78800A27A64 /* PBXTargetDependency */ = {
			isa = PBXTargetDependency;
			target = 81CFEDA8227FC78700A27A64 /* testMultiView */;
			targetProxy = 81CFEDC9227FC78800A27A64 /* PBXContainerItemProxy */;
		};
/* End PBXTargetDependency section */

/* Begin PBXVariantGroup section */
		81CFEDB0227FC78700A27A64 /* Main.storyboard */ = {
			isa = PBXVariantGroup;
			children = (
				81CFEDB1227FC78700A27A64 /* Base */,
			);
			name = Main.storyboard;
			sourceTree = "<group>";
		};
		81CFEDB5227FC78800A27A64 /* LaunchScreen.storyboard */ = {
			isa = PBXVariantGroup;
			children = (
				81CFEDB6227FC78800A27A64 /* Base */,
			);
			name = LaunchScreen.storyboard;
			sourceTree = "<group>";
		};
/* End PBXVariantGroup section */

/* Begin XCBuildConfiguration section */
		81CFEDCF227FC78800A27A64 /* Debug */ = {
			isa = XCBuildConfiguration;
			buildSettings = {
				ALWAYS_SEARCH_USER_PATHS = NO;
				CLANG_ANALYZER_NONNULL = YES;
				CLANG_ANALYZER_NUMBER_OBJECT_CONVERSION = YES_AGGRESSIVE;
				CLANG_CXX_LANGUAGE_STANDARD = "gnu++14";
				CLANG_CXX_LIBRARY = "libc++";
				CLANG_ENABLE_MODULES = YES;
				CLANG_ENABLE_OBJC_ARC = YES;
				CLANG_ENABLE_OBJC_WEAK = YES;
				CLANG_WARN_BLOCK_CAPTURE_AUTORELEASING = YES;
				CLANG_WARN_BOOL_CONVERSION = YES;
				CLANG_WARN_COMMA = YES;
				CLANG_WARN_CONSTANT_CONVERSION = YES;
				CLANG_WARN_DEPRECATED_OBJC_IMPLEMENTATIONS = YES;
				CLANG_WARN_DIRECT_OBJC_ISA_USAGE = YES_ERROR;
				CLANG_WARN_DOCUMENTATION_COMMENTS = YES;
				CLANG_WARN_EMPTY_BODY = YES;
				CLANG_WARN_ENUM_CONVERSION = YES;
				CLANG_WARN_INFINITE_RECURSION = YES;
				CLANG_WARN_INT_CONVERSION = YES;
				CLANG_WARN_NON_LITERAL_NULL_CONVERSION = YES;
				CLANG_WARN_OBJC_IMPLICIT_RETAIN_SELF = YES;
				CLANG_WARN_OBJC_LITERAL_CONVERSION = YES;
				CLANG_WARN_OBJC_ROOT_CLASS = YES_ERROR;
				CLANG_WARN_RANGE_LOOP_ANALYSIS = YES;
				CLANG_WARN_STRICT_PROTOTYPES = YES;
				CLANG_WARN_SUSPICIOUS_MOVE = YES;
				CLANG_WARN_UNGUARDED_AVAILABILITY = YES_AGGRESSIVE;
				CLANG_WARN_UNREACHABLE_CODE = YES;
				CLANG_WARN__DUPLICATE_METHOD_MATCH = YES;
				CODE_SIGN_IDENTITY = "iPhone Developer";
				COPY_PHASE_STRIP = NO;
				DEBUG_INFORMATION_FORMAT = dwarf;
				ENABLE_STRICT_OBJC_MSGSEND = YES;
				ENABLE_TESTABILITY = YES;
				GCC_C_LANGUAGE_STANDARD = gnu11;
				GCC_DYNAMIC_NO_PIC = NO;
				GCC_NO_COMMON_BLOCKS = YES;
				GCC_OPTIMIZATION_LEVEL = 0;
				GCC_PREPROCESSOR_DEFINITIONS = (
					"DEBUG=1",
					"$(inherited)",
				);
				GCC_WARN_64_TO_32_BIT_CONVERSION = YES;
				GCC_WARN_ABOUT_RETURN_TYPE = YES_ERROR;
				GCC_WARN_UNDECLARED_SELECTOR = YES;
				GCC_WARN_UNINITIALIZED_AUTOS = YES_AGGRESSIVE;
				GCC_WARN_UNUSED_FUNCTION = YES;
				GCC_WARN_UNUSED_VARIABLE = YES;
				IPHONEOS_DEPLOYMENT_TARGET = 12.2;
				MTL_ENABLE_DEBUG_INFO = INCLUDE_SOURCE;
				MTL_FAST_MATH = YES;
				ONLY_ACTIVE_ARCH = YES;
				SDKROOT = iphoneos;
				SWIFT_ACTIVE_COMPILATION_CONDITIONS = DEBUG;
				SWIFT_OPTIMIZATION_LEVEL = "-Onone";
			};
			name = Debug;
		};
		81CFEDD0227FC78800A27A64 /* Release */ = {
			isa = XCBuildConfiguration;
			buildSettings = {
				ALWAYS_SEARCH_USER_PATHS = NO;
				CLANG_ANALYZER_NONNULL = YES;
				CLANG_ANALYZER_NUMBER_OBJECT_CONVERSION = YES_AGGRESSIVE;
				CLANG_CXX_LANGUAGE_STANDARD = "gnu++14";
				CLANG_CXX_LIBRARY = "libc++";
				CLANG_ENABLE_MODULES = YES;
				CLANG_ENABLE_OBJC_ARC = YES;
				CLANG_ENABLE_OBJC_WEAK = YES;
				CLANG_WARN_BLOCK_CAPTURE_AUTORELEASING = YES;
				CLANG_WARN_BOOL_CONVERSION = YES;
				CLANG_WARN_COMMA = YES;
				CLANG_WARN_CONSTANT_CONVERSION = YES;
				CLANG_WARN_DEPRECATED_OBJC_IMPLEMENTATIONS = YES;
				CLANG_WARN_DIRECT_OBJC_ISA_USAGE = YES_ERROR;
				CLANG_WARN_DOCUMENTATION_COMMENTS = YES;
				CLANG_WARN_EMPTY_BODY = YES;
				CLANG_WARN_ENUM_CONVERSION = YES;
				CLANG_WARN_INFINITE_RECURSION = YES;
				CLANG_WARN_INT_CONVERSION = YES;
				CLANG_WARN_NON_LITERAL_NULL_CONVERSION = YES;
				CLANG_WARN_OBJC_IMPLICIT_RETAIN_SELF = YES;
				CLANG_WARN_OBJC_LITERAL_CONVERSION = YES;
				CLANG_WARN_OBJC_ROOT_CLASS = YES_ERROR;
				CLANG_WARN_RANGE_LOOP_ANALYSIS = YES;
				CLANG_WARN_STRICT_PROTOTYPES = YES;
				CLANG_WARN_SUSPICIOUS_MOVE = YES;
				CLANG_WARN_UNGUARDED_AVAILABILITY = YES_AGGRESSIVE;
				CLANG_WARN_UNREACHABLE_CODE = YES;
				CLANG_WARN__DUPLICATE_METHOD_MATCH = YES;
				CODE_SIGN_IDENTITY = "iPhone Developer";
				COPY_PHASE_STRIP = NO;
				DEBUG_INFORMATION_FORMAT = "dwarf-with-dsym";
				ENABLE_NS_ASSERTIONS = NO;
				ENABLE_STRICT_OBJC_MSGSEND = YES;
				GCC_C_LANGUAGE_STANDARD = gnu11;
				GCC_NO_COMMON_BLOCKS = YES;
				GCC_WARN_64_TO_32_BIT_CONVERSION = YES;
				GCC_WARN_ABOUT_RETURN_TYPE = YES_ERROR;
				GCC_WARN_UNDECLARED_SELECTOR = YES;
				GCC_WARN_UNINITIALIZED_AUTOS = YES_AGGRESSIVE;
				GCC_WARN_UNUSED_FUNCTION = YES;
				GCC_WARN_UNUSED_VARIABLE = YES;
				IPHONEOS_DEPLOYMENT_TARGET = 12.2;
				MTL_ENABLE_DEBUG_INFO = NO;
				MTL_FAST_MATH = YES;
				SDKROOT = iphoneos;
				SWIFT_COMPILATION_MODE = wholemodule;
				SWIFT_OPTIMIZATION_LEVEL = "-O";
				VALIDATE_PRODUCT = YES;
			};
			name = Release;
		};
		81CFEDD2227FC78800A27A64 /* Debug */ = {
			isa = XCBuildConfiguration;
			buildSettings = {
				ASSETCATALOG_COMPILER_APPICON_NAME = AppIcon;
				CODE_SIGN_STYLE = Automatic;
				DEVELOPMENT_TEAM = KM28JP4U6T;
				INFOPLIST_FILE = testMultiView/Info.plist;
				LD_RUNPATH_SEARCH_PATHS = (
					"$(inherited)",
					"@executable_path/Frameworks",
				);
				PRODUCT_BUNDLE_IDENTIFIER = ItsOnlyCole.testMultiView;
				PRODUCT_NAME = "$(TARGET_NAME)";
				SWIFT_VERSION = 5.0;
				TARGETED_DEVICE_FAMILY = "1,2";
			};
			name = Debug;
		};
		81CFEDD3227FC78800A27A64 /* Release */ = {
			isa = XCBuildConfiguration;
			buildSettings = {
				ASSETCATALOG_COMPILER_APPICON_NAME = AppIcon;
				CODE_SIGN_STYLE = Automatic;
				DEVELOPMENT_TEAM = KM28JP4U6T;
				INFOPLIST_FILE = testMultiView/Info.plist;
				LD_RUNPATH_SEARCH_PATHS = (
					"$(inherited)",
					"@executable_path/Frameworks",
				);
				PRODUCT_BUNDLE_IDENTIFIER = ItsOnlyCole.testMultiView;
				PRODUCT_NAME = "$(TARGET_NAME)";
				SWIFT_VERSION = 5.0;
				TARGETED_DEVICE_FAMILY = "1,2";
			};
			name = Release;
		};
		81CFEDD5227FC78800A27A64 /* Debug */ = {
			isa = XCBuildConfiguration;
			buildSettings = {
				ALWAYS_EMBED_SWIFT_STANDARD_LIBRARIES = YES;
				BUNDLE_LOADER = "$(TEST_HOST)";
				CODE_SIGN_STYLE = Automatic;
				DEVELOPMENT_TEAM = KM28JP4U6T;
				INFOPLIST_FILE = testMultiViewTests/Info.plist;
				LD_RUNPATH_SEARCH_PATHS = (
					"$(inherited)",
					"@executable_path/Frameworks",
					"@loader_path/Frameworks",
				);
				PRODUCT_BUNDLE_IDENTIFIER = ItsOnlyCole.testMultiViewTests;
				PRODUCT_NAME = "$(TARGET_NAME)";
				SWIFT_VERSION = 5.0;
				TARGETED_DEVICE_FAMILY = "1,2";
				TEST_HOST = "$(BUILT_PRODUCTS_DIR)/testMultiView.app/testMultiView";
			};
			name = Debug;
		};
		81CFEDD6227FC78800A27A64 /* Release */ = {
			isa = XCBuildConfiguration;
			buildSettings = {
				ALWAYS_EMBED_SWIFT_STANDARD_LIBRARIES = YES;
				BUNDLE_LOADER = "$(TEST_HOST)";
				CODE_SIGN_STYLE = Automatic;
				DEVELOPMENT_TEAM = KM28JP4U6T;
				INFOPLIST_FILE = testMultiViewTests/Info.plist;
				LD_RUNPATH_SEARCH_PATHS = (
					"$(inherited)",
					"@executable_path/Frameworks",
					"@loader_path/Frameworks",
				);
				PRODUCT_BUNDLE_IDENTIFIER = ItsOnlyCole.testMultiViewTests;
				PRODUCT_NAME = "$(TARGET_NAME)";
				SWIFT_VERSION = 5.0;
				TARGETED_DEVICE_FAMILY = "1,2";
				TEST_HOST = "$(BUILT_PRODUCTS_DIR)/testMultiView.app/testMultiView";
			};
			name = Release;
		};
		81CFEDD8227FC78800A27A64 /* Debug */ = {
			isa = XCBuildConfiguration;
			buildSettings = {
				ALWAYS_EMBED_SWIFT_STANDARD_LIBRARIES = YES;
				CODE_SIGN_STYLE = Automatic;
				DEVELOPMENT_TEAM = KM28JP4U6T;
				INFOPLIST_FILE = testMultiViewUITests/Info.plist;
				LD_RUNPATH_SEARCH_PATHS = (
					"$(inherited)",
					"@executable_path/Frameworks",
					"@loader_path/Frameworks",
				);
				PRODUCT_BUNDLE_IDENTIFIER = ItsOnlyCole.testMultiViewUITests;
				PRODUCT_NAME = "$(TARGET_NAME)";
				SWIFT_VERSION = 5.0;
				TARGETED_DEVICE_FAMILY = "1,2";
				TEST_TARGET_NAME = testMultiView;
			};
			name = Debug;
		};
		81CFEDD9227FC78800A27A64 /* Release */ = {
			isa = XCBuildConfiguration;
			buildSettings = {
				ALWAYS_EMBED_SWIFT_STANDARD_LIBRARIES = YES;
				CODE_SIGN_STYLE = Automatic;
				DEVELOPMENT_TEAM = KM28JP4U6T;
				INFOPLIST_FILE = testMultiViewUITests/Info.plist;
				LD_RUNPATH_SEARCH_PATHS = (
					"$(inherited)",
					"@executable_path/Frameworks",
					"@loader_path/Frameworks",
				);
				PRODUCT_BUNDLE_IDENTIFIER = ItsOnlyCole.testMultiViewUITests;
				PRODUCT_NAME = "$(TARGET_NAME)";
				SWIFT_VERSION = 5.0;
				TARGETED_DEVICE_FAMILY = "1,2";
				TEST_TARGET_NAME = testMultiView;
			};
			name = Release;
		};
/* End XCBuildConfiguration section */

/* Begin XCConfigurationList section */
		81CFEDA4227FC78600A27A64 /* Build configuration list for PBXProject "testMultiView" */ = {
			isa = XCConfigurationList;
			buildConfigurations = (
				81CFEDCF227FC78800A27A64 /* Debug */,
				81CFEDD0227FC78800A27A64 /* Release */,
			);
			defaultConfigurationIsVisible = 0;
			defaultConfigurationName = Release;
		};
		81CFEDD1227FC78800A27A64 /* Build configuration list for PBXNativeTarget "testMultiView" */ = {
			isa = XCConfigurationList;
			buildConfigurations = (
				81CFEDD2227FC78800A27A64 /* Debug */,
				81CFEDD3227FC78800A27A64 /* Release */,
			);
			defaultConfigurationIsVisible = 0;
			defaultConfigurationName = Release;
		};
		81CFEDD4227FC78800A27A64 /* Build configuration list for PBXNativeTarget "testMultiViewTests" */ = {
			isa = XCConfigurationList;
			buildConfigurations = (
				81CFEDD5227FC78800A27A64 /* Debug */,
				81CFEDD6227FC78800A27A64 /* Release */,
			);
			defaultConfigurationIsVisible = 0;
			defaultConfigurationName = Release;
		};
		81CFEDD7227FC78800A27A64 /* Build configuration list for PBXNativeTarget "testMultiViewUITests" */ = {
			isa = XCConfigurationList;
			buildConfigurations = (
				81CFEDD8227FC78800A27A64 /* Debug */,
				81CFEDD9227FC78800A27A64 /* Release */,
			);
			defaultConfigurationIsVisible = 0;
			defaultConfigurationName = Release;
		};
/* End XCConfigurationList section */
	};
	rootObject = 81CFEDA1227FC78600A27A64 /* Project object */;
}
